
Microsoft Visual Studio Solution File, Format Version 12.00
# Visual Studio Version 17
VisualStudioVersion = 17.4.33213.308
MinimumVisualStudioVersion = 10.0.40219.1
Project("{FAE04EC0-301F-11D3-BF4B-00C04F79EFBC}") = "Зачет_Муравьев_ИСП201", "Зачет_Муравьев_ИСП201.csproj", "{EC473AC7-78EE-46E5-B87C-34DDE9F006E6}"
EndProject
Global
	GlobalSection(SolutionConfigurationPlatforms) = preSolution
		Debug|Any CPU = Debug|Any CPU
		Release|Any CPU = Release|Any CPU
	EndGlobalSection
	GlobalSection(ProjectConfigurationPlatforms) = postSolution
		{EC473AC7-78EE-46E5-B87C-34DDE9F006E6}.Debug|Any CPU.ActiveCfg = Debug|Any CPU
		{EC473AC7-78EE-46E5-B87C-34DDE9F006E6}.Debug|Any CPU.Build.0 = Debug|Any CPU
		{EC473AC7-78EE-46E5-B87C-34DDE9F006E6}.Release|Any CPU.ActiveCfg = Release|Any CPU
		{EC473AC7-78EE-46E5-B87C-34DDE9F006E6}.Release|Any CPU.Build.0 = Release|Any CPU
	EndGlobalSection
	GlobalSection(SolutionProperties) = preSolution
		HideSolutionNode = FALSE
	EndGlobalSection
	GlobalSection(ExtensibilityGlobals) = postSolution
		SolutionGuid = {09868B1B-24E6-4C1C-82B9-522A255EA697}
	EndGlobalSection
EndGlobal
